
Microsoft Visual Studio Solution File, Format Version 12.00
# Visual Studio Version 17
VisualStudioVersion = 17.1.32328.378
MinimumVisualStudioVersion = 10.0.40219.1
Project("{FAE04EC0-301F-11D3-BF4B-00C04F79EFBC}") = "WpfApp1", "WpfApp1\WpfApp1.csproj", "{6227A77E-AD72-4F36-BC7D-93207CC083A4}"
EndProject
Global
	GlobalSection(SolutionConfigurationPlatforms) = preSolution
		Debug|Any CPU = Debug|Any CPU
		Release|Any CPU = Release|Any CPU
	EndGlobalSection
	GlobalSection(ProjectConfigurationPlatforms) = postSolution
		{6227A77E-AD72-4F36-BC7D-93207CC083A4}.Debug|Any CPU.ActiveCfg = Debug|Any CPU
		{6227A77E-AD72-4F36-BC7D-93207CC083A4}.Debug|Any CPU.Build.0 = Debug|Any CPU
		{6227A77E-AD72-4F36-BC7D-93207CC083A4}.Release|Any CPU.ActiveCfg = Release|Any CPU
		{6227A77E-AD72-4F36-BC7D-93207CC083A4}.Release|Any CPU.Build.0 = Release|Any CPU
	EndGlobalSection
	GlobalSection(SolutionProperties) = preSolution
		HideSolutionNode = FALSE
	EndGlobalSection
	GlobalSection(ExtensibilityGlobals) = postSolution
		SolutionGuid = {C0038230-09BF-4496-8018-3395F5B3F939}
	EndGlobalSection
EndGlobal
